
Microsoft Visual Studio Solution File, Format Version 12.00
Project("{FAE04EC0-301F-11D3-BF4B-00C04F79EFBC}") = "MyDBMS_DataAccess", "MyDBMS_DataAccess\MyDBMS_DataAccess.csproj", "{DE118BA5-EE06-439D-83B4-1125AB30C397}"
EndProject
Project("{FAE04EC0-301F-11D3-BF4B-00C04F79EFBC}") = "MyDBMS_Services", "MyDBMS_Services\MyDBMS_Services.csproj", "{A5DEEA93-36C3-442A-BA6A-E41EEDE93195}"
EndProject
Project("{FAE04EC0-301F-11D3-BF4B-00C04F79EFBC}") = "WindowsForms", "WindowsForms\WindowsForms.csproj", "{36284FCC-EF5E-4D76-92D2-F435098D5DF1}"
EndProject
Project("{FAE04EC0-301F-11D3-BF4B-00C04F79EFBC}") = "RESTWebService", "RESTWebService\RESTWebService.csproj", "{8DFA4B5A-606D-4D9B-95A6-0B3C03B6A508}"
EndProject
Global
	GlobalSection(SolutionConfigurationPlatforms) = preSolution
		Debug|Any CPU = Debug|Any CPU
		Release|Any CPU = Release|Any CPU
	EndGlobalSection
	GlobalSection(ProjectConfigurationPlatforms) = postSolution
		{DE118BA5-EE06-439D-83B4-1125AB30C397}.Debug|Any CPU.ActiveCfg = Debug|Any CPU
		{DE118BA5-EE06-439D-83B4-1125AB30C397}.Debug|Any CPU.Build.0 = Debug|Any CPU
		{DE118BA5-EE06-439D-83B4-1125AB30C397}.Release|Any CPU.ActiveCfg = Release|Any CPU
		{DE118BA5-EE06-439D-83B4-1125AB30C397}.Release|Any CPU.Build.0 = Release|Any CPU
		{A5DEEA93-36C3-442A-BA6A-E41EEDE93195}.Debug|Any CPU.ActiveCfg = Debug|Any CPU
		{A5DEEA93-36C3-442A-BA6A-E41EEDE93195}.Debug|Any CPU.Build.0 = Debug|Any CPU
		{A5DEEA93-36C3-442A-BA6A-E41EEDE93195}.Release|Any CPU.ActiveCfg = Release|Any CPU
		{A5DEEA93-36C3-442A-BA6A-E41EEDE93195}.Release|Any CPU.Build.0 = Release|Any CPU
		{36284FCC-EF5E-4D76-92D2-F435098D5DF1}.Debug|Any CPU.ActiveCfg = Debug|Any CPU
		{36284FCC-EF5E-4D76-92D2-F435098D5DF1}.Debug|Any CPU.Build.0 = Debug|Any CPU
		{36284FCC-EF5E-4D76-92D2-F435098D5DF1}.Release|Any CPU.ActiveCfg = Release|Any CPU
		{36284FCC-EF5E-4D76-92D2-F435098D5DF1}.Release|Any CPU.Build.0 = Release|Any CPU
		{8DFA4B5A-606D-4D9B-95A6-0B3C03B6A508}.Debug|Any CPU.ActiveCfg = Debug|Any CPU
		{8DFA4B5A-606D-4D9B-95A6-0B3C03B6A508}.Debug|Any CPU.Build.0 = Debug|Any CPU
		{8DFA4B5A-606D-4D9B-95A6-0B3C03B6A508}.Release|Any CPU.ActiveCfg = Release|Any CPU
		{8DFA4B5A-606D-4D9B-95A6-0B3C03B6A508}.Release|Any CPU.Build.0 = Release|Any CPU
	EndGlobalSection
EndGlobal
