
Microsoft Visual Studio Solution File, Format Version 12.00
# Visual Studio Version 16
VisualStudioVersion = 16.0.31729.503
MinimumVisualStudioVersion = 10.0.40219.1
Project("{9A19103F-16F7-4668-BE54-9A1E7A4F7556}") = "MyDBMS_DataAccess", "MyDBMS_DataAccess\MyDBMS_DataAccess.csproj", "{DE118BA5-EE06-439D-83B4-1125AB30C397}"
EndProject
Project("{9A19103F-16F7-4668-BE54-9A1E7A4F7556}") = "MyDBMS_Services", "MyDBMS_Services\MyDBMS_Services.csproj", "{A5DEEA93-36C3-442A-BA6A-E41EEDE93195}"
EndProject
Project("{9A19103F-16F7-4668-BE54-9A1E7A4F7556}") = "RESTWebService", "RESTWebService\RESTWebService.csproj", "{8DFA4B5A-606D-4D9B-95A6-0B3C03B6A508}"
EndProject
Project("{FAE04EC0-301F-11D3-BF4B-00C04F79EFBC}") = "WinFormsApp", "WinFormsApp\WinFormsApp.csproj", "{64B4388E-952B-4E93-B4BE-4F62D98B5062}"
EndProject
Global
	GlobalSection(SolutionConfigurationPlatforms) = preSolution
		Debug|Any CPU = Debug|Any CPU
		Release|Any CPU = Release|Any CPU
	EndGlobalSection
	GlobalSection(ProjectConfigurationPlatforms) = postSolution
		{DE118BA5-EE06-439D-83B4-1125AB30C397}.Debug|Any CPU.ActiveCfg = Debug|Any CPU
		{DE118BA5-EE06-439D-83B4-1125AB30C397}.Debug|Any CPU.Build.0 = Debug|Any CPU
		{DE118BA5-EE06-439D-83B4-1125AB30C397}.Release|Any CPU.ActiveCfg = Release|Any CPU
		{DE118BA5-EE06-439D-83B4-1125AB30C397}.Release|Any CPU.Build.0 = Release|Any CPU
		{A5DEEA93-36C3-442A-BA6A-E41EEDE93195}.Debug|Any CPU.ActiveCfg = Debug|Any CPU
		{A5DEEA93-36C3-442A-BA6A-E41EEDE93195}.Debug|Any CPU.Build.0 = Debug|Any CPU
		{A5DEEA93-36C3-442A-BA6A-E41EEDE93195}.Release|Any CPU.ActiveCfg = Release|Any CPU
		{A5DEEA93-36C3-442A-BA6A-E41EEDE93195}.Release|Any CPU.Build.0 = Release|Any CPU
		{8DFA4B5A-606D-4D9B-95A6-0B3C03B6A508}.Debug|Any CPU.ActiveCfg = Debug|Any CPU
		{8DFA4B5A-606D-4D9B-95A6-0B3C03B6A508}.Debug|Any CPU.Build.0 = Debug|Any CPU
		{8DFA4B5A-606D-4D9B-95A6-0B3C03B6A508}.Release|Any CPU.ActiveCfg = Release|Any CPU
		{8DFA4B5A-606D-4D9B-95A6-0B3C03B6A508}.Release|Any CPU.Build.0 = Release|Any CPU
		{64B4388E-952B-4E93-B4BE-4F62D98B5062}.Debug|Any CPU.ActiveCfg = Debug|Any CPU
		{64B4388E-952B-4E93-B4BE-4F62D98B5062}.Debug|Any CPU.Build.0 = Debug|Any CPU
		{64B4388E-952B-4E93-B4BE-4F62D98B5062}.Release|Any CPU.ActiveCfg = Release|Any CPU
		{64B4388E-952B-4E93-B4BE-4F62D98B5062}.Release|Any CPU.Build.0 = Release|Any CPU
	EndGlobalSection
	GlobalSection(SolutionProperties) = preSolution
		HideSolutionNode = FALSE
	EndGlobalSection
	GlobalSection(ExtensibilityGlobals) = postSolution
		SolutionGuid = {C1A2E975-BFFE-4A41-A1D2-B279BFE4A9EA}
	EndGlobalSection
EndGlobal
